{
    "_readme": [
        "This file locks the dependencies of your project to a known state",
        "Read more about it at https://getcomposer.org/doc/01-basic-usage.md#composer-lock-the-lock-file",
        "This file is @generated automatically"
    ],
    "hash": "b126d4e8cb28aa23f36e06398b02685b",
    "content-hash": "7045a62da8a4930eb302ff6bb090c792",
    "packages": [
        {
            "name": "mikecao/flight",
            "version": "v1.2.21",
            "source": {
                "type": "git",
                "url": "https://github.com/mikecao/flight.git",
                "reference": "ec24d786026de89bc4852d6f33de6b42fb0a5b98"
            },
            "dist": {
                "type": "zip",
                "url": "https://api.github.com/repos/mikecao/flight/zipball/ec24d786026de89bc4852d6f33de6b42fb0a5b98",
                "reference": "ec24d786026de89bc4852d6f33de6b42fb0a5b98",
                "shasum": ""
            },
            "require": {
                "php": ">=5.3.0"
            },
            "require-dev": {
                "phpunit/phpunit": "~4.6"
            },
            "type": "library",
            "autoload": {
                "files": [
                    "flight/autoload.php",
                    "flight/Flight.php"
                ]
            },
            "notification-url": "https://packagist.org/downloads/",
            "license": [
                "MIT"
            ],
            "authors": [
                {
                    "name": "Mike Cao",
                    "email": "mike@mikecao.com",
                    "homepage": "http://www.mikecao.com/",
                    "role": "Original Developer"
                }
            ],
            "description": "Flight is a fast, simple, extensible framework for PHP. Flight enables you to quickly and easily build RESTful web applications.",
            "homepage": "http://flightphp.com",
            "time": "2016-06-15 18:09:18"
        }
    ],
    "packages-dev": [
        {
            "name": "chocoland/orm",
            "version": "dev-master",
            "source": {
                "type": "git",
                "url": "https://github.com/chocoland/orm.git",
                "reference": "7c13d68664b400be922aa618f17599caf7104283"
            },
            "dist": {
                "type": "zip",
                "url": "https://api.github.com/repos/chocoland/orm/zipball/7c13d68664b400be922aa618f17599caf7104283",
                "reference": "7c13d68664b400be922aa618f17599caf7104283",
                "shasum": ""
            },
            "require": {
                "symfony/yaml": "*"
            },
            "bin": [
                "bin/orm",
                "bin/orm.bat",
                "bin/orm.php"
            ],
            "type": "library",
            "autoload": {
                "psr-4": {
                    "Chocoland\\": ""
                }
            },
            "license": [
                " GPL-3.0+"
            ],
            "authors": [
                {
                    "name": "Jeferson De Freitas",
                    "email": "jdefreitaspinto@gmail.com"
                }
            ],
            "description": "A small and simple ORM for PHP",
            "keywords": [
                "autogenerator",
                "chocoland",
                "framework",
                "orm"
            ],
            "support": {
                "source": "https://github.com/chocoland/orm/tree/master",
                "issues": "https://github.com/chocoland/orm/issues"
            },
            "time": "2016-07-03 22:41:38"
        },
        {
            "name": "symfony/yaml",
            "version": "v3.1.2",
            "source": {
                "type": "git",
                "url": "https://github.com/symfony/yaml.git",
                "reference": "2884c26ce4c1d61aebf423a8b912950fe7c764de"
            },
            "dist": {
                "type": "zip",
                "url": "https://api.github.com/repos/symfony/yaml/zipball/2884c26ce4c1d61aebf423a8b912950fe7c764de",
                "reference": "2884c26ce4c1d61aebf423a8b912950fe7c764de",
                "shasum": ""
            },
            "require": {
                "php": ">=5.5.9"
            },
            "type": "library",
            "extra": {
                "branch-alias": {
                    "dev-master": "3.1-dev"
                }
            },
            "autoload": {
                "psr-4": {
                    "Symfony\\Component\\Yaml\\": ""
                },
                "exclude-from-classmap": [
                    "/Tests/"
                ]
            },
            "notification-url": "https://packagist.org/downloads/",
            "license": [
                "MIT"
            ],
            "authors": [
                {
                    "name": "Fabien Potencier",
                    "email": "fabien@symfony.com"
                },
                {
                    "name": "Symfony Community",
                    "homepage": "https://symfony.com/contributors"
                }
            ],
            "description": "Symfony Yaml Component",
            "homepage": "https://symfony.com",
            "time": "2016-06-29 05:41:56"
        }
    ],
    "aliases": [],
    "minimum-stability": "stable",
    "stability-flags": {
        "chocoland/orm": 20
    },
    "prefer-stable": false,
    "prefer-lowest": false,
    "platform": [],
    "platform-dev": []
}
